
Microsoft Visual Studio Solution File, Format Version 12.00
# Visual Studio Version 17
VisualStudioVersion = 17.5.002.0
MinimumVisualStudioVersion = 10.0.40219.1
Project("{9A19103F-16F7-4668-BE54-9A1E7A4F7556}") = "DatapacLibrary", "DatapacLibrary.csproj", "{E202A210-34A3-4041-92A4-3CFF69276656}"
EndProject
Project("{FAE04EC0-301F-11D3-BF4B-00C04F79EFBC}") = "DatapacLibrary.UnitTests", "..\DatapacLibrary.UnitTests\DatapacLibrary.UnitTests.csproj", "{9781AD7C-8460-41DF-B7D1-020E1045AC4D}"
EndProject
Global
	GlobalSection(SolutionConfigurationPlatforms) = preSolution
		Debug|Any CPU = Debug|Any CPU
		Release|Any CPU = Release|Any CPU
	EndGlobalSection
	GlobalSection(ProjectConfigurationPlatforms) = postSolution
		{E202A210-34A3-4041-92A4-3CFF69276656}.Debug|Any CPU.ActiveCfg = Debug|Any CPU
		{E202A210-34A3-4041-92A4-3CFF69276656}.Debug|Any CPU.Build.0 = Debug|Any CPU
		{E202A210-34A3-4041-92A4-3CFF69276656}.Release|Any CPU.ActiveCfg = Release|Any CPU
		{E202A210-34A3-4041-92A4-3CFF69276656}.Release|Any CPU.Build.0 = Release|Any CPU
		{9781AD7C-8460-41DF-B7D1-020E1045AC4D}.Debug|Any CPU.ActiveCfg = Debug|Any CPU
		{9781AD7C-8460-41DF-B7D1-020E1045AC4D}.Debug|Any CPU.Build.0 = Debug|Any CPU
		{9781AD7C-8460-41DF-B7D1-020E1045AC4D}.Release|Any CPU.ActiveCfg = Release|Any CPU
		{9781AD7C-8460-41DF-B7D1-020E1045AC4D}.Release|Any CPU.Build.0 = Release|Any CPU
	EndGlobalSection
	GlobalSection(SolutionProperties) = preSolution
		HideSolutionNode = FALSE
	EndGlobalSection
	GlobalSection(ExtensibilityGlobals) = postSolution
		SolutionGuid = {66EE96C6-3A84-4C64-B92B-BFC46C710E5B}
	EndGlobalSection
EndGlobal
